// !$*UTF8*$!
{
	archiveVersion = 1;
	classes = {
	};
	objectVersion = 51;
	objects = {

/* Begin PBXBuildFile section */
		0114F5C826FFD7D000498F9F /* Utils.swift in Sources */ = {isa = PBXBuildFile; fileRef = 0114F5C726FFD7D000498F9F /* Utils.swift */; };
		015309382703B6DE00D10B7B /* Protocols.swift in Sources */ = {isa = PBXBuildFile; fileRef = 015309372703B6DE00D10B7B /* Protocols.swift */; };
		0153093C2703C08800D10B7B /* Vote.swift in Sources */ = {isa = PBXBuildFile; fileRef = 0153093B2703C08800D10B7B /* Vote.swift */; };
		0163293C2784F8F60050A006 /* NavigationBar.swift in Sources */ = {isa = PBXBuildFile; fileRef = 0163293B2784F8F60050A006 /* NavigationBar.swift */; };
		0163293E278501220050A006 /* Varela-Regular.ttf in Resources */ = {isa = PBXBuildFile; fileRef = 0163293D278501220050A006 /* Varela-Regular.ttf */; };
		01632940278502A40050A006 /* FeedTableView.swift in Sources */ = {isa = PBXBuildFile; fileRef = 0163293F278502A40050A006 /* FeedTableView.swift */; };
		01632942278516230050A006 /* FAB.swift in Sources */ = {isa = PBXBuildFile; fileRef = 01632941278516230050A006 /* FAB.swift */; };
		0163294427851D010050A006 /* Globals.swift in Sources */ = {isa = PBXBuildFile; fileRef = 0163294327851D010050A006 /* Globals.swift */; };
		01A6F353270575E000E561A0 /* Colors.swift in Sources */ = {isa = PBXBuildFile; fileRef = 01A6F352270575E000E561A0 /* Colors.swift */; };
		01A6F356270577B500E561A0 /* Proxima Nova Bold.otf in Resources */ = {isa = PBXBuildFile; fileRef = 01A6F355270577B500E561A0 /* Proxima Nova Bold.otf */; };
		01A6F358270577C600E561A0 /* ProximaNova-Regular.otf in Resources */ = {isa = PBXBuildFile; fileRef = 01A6F357270577C600E561A0 /* ProximaNova-Regular.otf */; };
		01A6F35A2705780A00E561A0 /* Fonts.swift in Sources */ = {isa = PBXBuildFile; fileRef = 01A6F3592705780A00E561A0 /* Fonts.swift */; };
		01AE71C726FEA38D006C1EFC /* AppDelegate.swift in Sources */ = {isa = PBXBuildFile; fileRef = 01AE71C626FEA38D006C1EFC /* AppDelegate.swift */; };
		01AE71C926FEA38D006C1EFC /* SceneDelegate.swift in Sources */ = {isa = PBXBuildFile; fileRef = 01AE71C826FEA38D006C1EFC /* SceneDelegate.swift */; };
		01AE71CB26FEA38D006C1EFC /* ViewController.swift in Sources */ = {isa = PBXBuildFile; fileRef = 01AE71CA26FEA38D006C1EFC /* ViewController.swift */; };
		01AE71D026FEA39C006C1EFC /* Assets.xcassets in Resources */ = {isa = PBXBuildFile; fileRef = 01AE71CF26FEA39C006C1EFC /* Assets.xcassets */; };
		01AE71D326FEA39C006C1EFC /* LaunchScreen.storyboard in Resources */ = {isa = PBXBuildFile; fileRef = 01AE71D126FEA39C006C1EFC /* LaunchScreen.storyboard */; };
		01AE71DE26FEA39D006C1EFC /* RankerTests.swift in Sources */ = {isa = PBXBuildFile; fileRef = 01AE71DD26FEA39D006C1EFC /* RankerTests.swift */; };
		01AE71E926FEA39D006C1EFC /* RankerUITests.swift in Sources */ = {isa = PBXBuildFile; fileRef = 01AE71E826FEA39D006C1EFC /* RankerUITests.swift */; };
		01AE71F726FEB0CA006C1EFC /* GoogleService-Info.plist in Resources */ = {isa = PBXBuildFile; fileRef = 01AE71F626FEB0CA006C1EFC /* GoogleService-Info.plist */; };
		01AE71FA26FEC36B006C1EFC /* FirebaseAccess.swift in Sources */ = {isa = PBXBuildFile; fileRef = 01AE71F926FEC36B006C1EFC /* FirebaseAccess.swift */; };
		01C63A642783B9120037A9AE /* Poll.swift in Sources */ = {isa = PBXBuildFile; fileRef = 01C63A632783B9120037A9AE /* Poll.swift */; };
		01C63A662783BC2C0037A9AE /* PollChoice.swift in Sources */ = {isa = PBXBuildFile; fileRef = 01C63A652783BC2C0037A9AE /* PollChoice.swift */; };
		20564B98A7FE4D1A8A74987C /* Pods_Ranker.framework in Frameworks */ = {isa = PBXBuildFile; fileRef = BED6F6B532A09D2C11559831 /* Pods_Ranker.framework */; };
		6216E64B35EA8BD3F0D0ECF1 /* Pods_Ranker_RankerUITests.framework in Frameworks */ = {isa = PBXBuildFile; fileRef = 0DC98ED9F488D7154BD5EB2A /* Pods_Ranker_RankerUITests.framework */; };
		AC15D31AF9845D6A7247DE7B /* Pods_RankerTests.framework in Frameworks */ = {isa = PBXBuildFile; fileRef = EAE6F44786958DD55873C3EC /* Pods_RankerTests.framework */; };
/* End PBXBuildFile section */

/* Begin PBXContainerItemProxy section */
		01AE71DA26FEA39D006C1EFC /* PBXContainerItemProxy */ = {
			isa = PBXContainerItemProxy;
			containerPortal = 01AE71BB26FEA38D006C1EFC /* Project object */;
			proxyType = 1;
			remoteGlobalIDString = 01AE71C226FEA38D006C1EFC;
			remoteInfo = Ranker;
		};
		01AE71E526FEA39D006C1EFC /* PBXContainerItemProxy */ = {
			isa = PBXContainerItemProxy;
			containerPortal = 01AE71BB26FEA38D006C1EFC /* Project object */;
			proxyType = 1;
			remoteGlobalIDString = 01AE71C226FEA38D006C1EFC;
			remoteInfo = Ranker;
		};
/* End PBXContainerItemProxy section */

/* Begin PBXFileReference section */
		0114F5C726FFD7D000498F9F /* Utils.swift */ = {isa = PBXFileReference; lastKnownFileType = sourcecode.swift; path = Utils.swift; sourceTree = "<group>"; };
		015309372703B6DE00D10B7B /* Protocols.swift */ = {isa = PBXFileReference; lastKnownFileType = sourcecode.swift; path = Protocols.swift; sourceTree = "<group>"; };
		0153093B2703C08800D10B7B /* Vote.swift */ = {isa = PBXFileReference; lastKnownFileType = sourcecode.swift; path = Vote.swift; sourceTree = "<group>"; };
		0163293B2784F8F60050A006 /* NavigationBar.swift */ = {isa = PBXFileReference; lastKnownFileType = sourcecode.swift; path = NavigationBar.swift; sourceTree = "<group>"; };
		0163293D278501220050A006 /* Varela-Regular.ttf */ = {isa = PBXFileReference; lastKnownFileType = file; path = "Varela-Regular.ttf"; sourceTree = "<group>"; };
		0163293F278502A40050A006 /* FeedTableView.swift */ = {isa = PBXFileReference; lastKnownFileType = sourcecode.swift; path = FeedTableView.swift; sourceTree = "<group>"; };
		01632941278516230050A006 /* FAB.swift */ = {isa = PBXFileReference; lastKnownFileType = sourcecode.swift; path = FAB.swift; sourceTree = "<group>"; };
		0163294327851D010050A006 /* Globals.swift */ = {isa = PBXFileReference; lastKnownFileType = sourcecode.swift; path = Globals.swift; sourceTree = "<group>"; };
		01A6F352270575E000E561A0 /* Colors.swift */ = {isa = PBXFileReference; lastKnownFileType = sourcecode.swift; path = Colors.swift; sourceTree = "<group>"; };
		01A6F355270577B500E561A0 /* Proxima Nova Bold.otf */ = {isa = PBXFileReference; lastKnownFileType = file; path = "Proxima Nova Bold.otf"; sourceTree = "<group>"; };
		01A6F357270577C600E561A0 /* ProximaNova-Regular.otf */ = {isa = PBXFileReference; lastKnownFileType = file; path = "ProximaNova-Regular.otf"; sourceTree = "<group>"; };
		01A6F3592705780A00E561A0 /* Fonts.swift */ = {isa = PBXFileReference; lastKnownFileType = sourcecode.swift; path = Fonts.swift; sourceTree = "<group>"; };
		01AE71C326FEA38D006C1EFC /* Ranker.app */ = {isa = PBXFileReference; explicitFileType = wrapper.application; includeInIndex = 0; path = Ranker.app; sourceTree = BUILT_PRODUCTS_DIR; };
		01AE71C626FEA38D006C1EFC /* AppDelegate.swift */ = {isa = PBXFileReference; lastKnownFileType = sourcecode.swift; path = AppDelegate.swift; sourceTree = "<group>"; };
		01AE71C826FEA38D006C1EFC /* SceneDelegate.swift */ = {isa = PBXFileReference; lastKnownFileType = sourcecode.swift; path = SceneDelegate.swift; sourceTree = "<group>"; };
		01AE71CA26FEA38D006C1EFC /* ViewController.swift */ = {isa = PBXFileReference; lastKnownFileType = sourcecode.swift; path = ViewController.swift; sourceTree = "<group>"; };
		01AE71CF26FEA39C006C1EFC /* Assets.xcassets */ = {isa = PBXFileReference; lastKnownFileType = folder.assetcatalog; path = Assets.xcassets; sourceTree = "<group>"; };
		01AE71D226FEA39C006C1EFC /* Base */ = {isa = PBXFileReference; lastKnownFileType = file.storyboard; name = Base; path = Base.lproj/LaunchScreen.storyboard; sourceTree = "<group>"; };
		01AE71D426FEA39C006C1EFC /* Info.plist */ = {isa = PBXFileReference; lastKnownFileType = text.plist.xml; path = Info.plist; sourceTree = "<group>"; };
		01AE71D926FEA39D006C1EFC /* RankerTests.xctest */ = {isa = PBXFileReference; explicitFileType = wrapper.cfbundle; includeInIndex = 0; path = RankerTests.xctest; sourceTree = BUILT_PRODUCTS_DIR; };
		01AE71DD26FEA39D006C1EFC /* RankerTests.swift */ = {isa = PBXFileReference; lastKnownFileType = sourcecode.swift; path = RankerTests.swift; sourceTree = "<group>"; };
		01AE71DF26FEA39D006C1EFC /* Info.plist */ = {isa = PBXFileReference; lastKnownFileType = text.plist.xml; path = Info.plist; sourceTree = "<group>"; };
		01AE71E426FEA39D006C1EFC /* RankerUITests.xctest */ = {isa = PBXFileReference; explicitFileType = wrapper.cfbundle; includeInIndex = 0; path = RankerUITests.xctest; sourceTree = BUILT_PRODUCTS_DIR; };
		01AE71E826FEA39D006C1EFC /* RankerUITests.swift */ = {isa = PBXFileReference; lastKnownFileType = sourcecode.swift; path = RankerUITests.swift; sourceTree = "<group>"; };
		01AE71EA26FEA39D006C1EFC /* Info.plist */ = {isa = PBXFileReference; lastKnownFileType = text.plist.xml; path = Info.plist; sourceTree = "<group>"; };
		01AE71F626FEB0CA006C1EFC /* GoogleService-Info.plist */ = {isa = PBXFileReference; fileEncoding = 4; lastKnownFileType = text.plist.xml; path = "GoogleService-Info.plist"; sourceTree = "<group>"; };
		01AE71F926FEC36B006C1EFC /* FirebaseAccess.swift */ = {isa = PBXFileReference; lastKnownFileType = sourcecode.swift; path = FirebaseAccess.swift; sourceTree = "<group>"; };
		01C63A632783B9120037A9AE /* Poll.swift */ = {isa = PBXFileReference; lastKnownFileType = sourcecode.swift; path = Poll.swift; sourceTree = "<group>"; };
		01C63A652783BC2C0037A9AE /* PollChoice.swift */ = {isa = PBXFileReference; lastKnownFileType = sourcecode.swift; path = PollChoice.swift; sourceTree = "<group>"; };
		0BC6A3866D9067D01952069A /* Pods-Ranker-RankerUITests.debug.xcconfig */ = {isa = PBXFileReference; includeInIndex = 1; lastKnownFileType = text.xcconfig; name = "Pods-Ranker-RankerUITests.debug.xcconfig"; path = "Target Support Files/Pods-Ranker-RankerUITests/Pods-Ranker-RankerUITests.debug.xcconfig"; sourceTree = "<group>"; };
		0DC98ED9F488D7154BD5EB2A /* Pods_Ranker_RankerUITests.framework */ = {isa = PBXFileReference; explicitFileType = wrapper.framework; includeInIndex = 0; path = Pods_Ranker_RankerUITests.framework; sourceTree = BUILT_PRODUCTS_DIR; };
		39AEA4E33548B09D374732A1 /* Pods-Ranker.debug.xcconfig */ = {isa = PBXFileReference; includeInIndex = 1; lastKnownFileType = text.xcconfig; name = "Pods-Ranker.debug.xcconfig"; path = "Target Support Files/Pods-Ranker/Pods-Ranker.debug.xcconfig"; sourceTree = "<group>"; };
		657A368CEFC3C3616D6BA2CC /* Pods-RankerTests.debug.xcconfig */ = {isa = PBXFileReference; includeInIndex = 1; lastKnownFileType = text.xcconfig; name = "Pods-RankerTests.debug.xcconfig"; path = "Target Support Files/Pods-RankerTests/Pods-RankerTests.debug.xcconfig"; sourceTree = "<group>"; };
		B7A90973CF9944AC8ABECA76 /* Pods-Ranker.release.xcconfig */ = {isa = PBXFileReference; includeInIndex = 1; lastKnownFileType = text.xcconfig; name = "Pods-Ranker.release.xcconfig"; path = "Target Support Files/Pods-Ranker/Pods-Ranker.release.xcconfig"; sourceTree = "<group>"; };
		BED6F6B532A09D2C11559831 /* Pods_Ranker.framework */ = {isa = PBXFileReference; explicitFileType = wrapper.framework; includeInIndex = 0; path = Pods_Ranker.framework; sourceTree = BUILT_PRODUCTS_DIR; };
		D149C1902FAA2DCDCDD47572 /* Pods-RankerTests.release.xcconfig */ = {isa = PBXFileReference; includeInIndex = 1; lastKnownFileType = text.xcconfig; name = "Pods-RankerTests.release.xcconfig"; path = "Target Support Files/Pods-RankerTests/Pods-RankerTests.release.xcconfig"; sourceTree = "<group>"; };
		D318ED5B14507D47DD2A32BE /* Pods-Ranker-RankerUITests.release.xcconfig */ = {isa = PBXFileReference; includeInIndex = 1; lastKnownFileType = text.xcconfig; name = "Pods-Ranker-RankerUITests.release.xcconfig"; path = "Target Support Files/Pods-Ranker-RankerUITests/Pods-Ranker-RankerUITests.release.xcconfig"; sourceTree = "<group>"; };
		EAE6F44786958DD55873C3EC /* Pods_RankerTests.framework */ = {isa = PBXFileReference; explicitFileType = wrapper.framework; includeInIndex = 0; path = Pods_RankerTests.framework; sourceTree = BUILT_PRODUCTS_DIR; };
/* End PBXFileReference section */

/* Begin PBXFrameworksBuildPhase section */
		01AE71C026FEA38D006C1EFC /* Frameworks */ = {
			isa = PBXFrameworksBuildPhase;
			buildActionMask = 2147483647;
			files = (
				20564B98A7FE4D1A8A74987C /* Pods_Ranker.framework in Frameworks */,
			);
			runOnlyForDeploymentPostprocessing = 0;
		};
		01AE71D626FEA39D006C1EFC /* Frameworks */ = {
			isa = PBXFrameworksBuildPhase;
			buildActionMask = 2147483647;
			files = (
				AC15D31AF9845D6A7247DE7B /* Pods_RankerTests.framework in Frameworks */,
			);
			runOnlyForDeploymentPostprocessing = 0;
		};
		01AE71E126FEA39D006C1EFC /* Frameworks */ = {
			isa = PBXFrameworksBuildPhase;
			buildActionMask = 2147483647;
			files = (
				6216E64B35EA8BD3F0D0ECF1 /* Pods_Ranker_RankerUITests.framework in Frameworks */,
			);
			runOnlyForDeploymentPostprocessing = 0;
		};
/* End PBXFrameworksBuildPhase section */

/* Begin PBXGroup section */
		0114F5C426FFC94200498F9F /* Model */ = {
			isa = PBXGroup;
			children = (
				015309372703B6DE00D10B7B /* Protocols.swift */,
				0153093B2703C08800D10B7B /* Vote.swift */,
				01C63A632783B9120037A9AE /* Poll.swift */,
				01C63A652783BC2C0037A9AE /* PollChoice.swift */,
			);
			path = Model;
			sourceTree = "<group>";
		};
		01A6F351270575CB00E561A0 /* Utils */ = {
			isa = PBXGroup;
			children = (
				01A6F354270577A100E561A0 /* Fonts */,
				01A6F352270575E000E561A0 /* Colors.swift */,
				01A6F3592705780A00E561A0 /* Fonts.swift */,
				0114F5C726FFD7D000498F9F /* Utils.swift */,
				0163294327851D010050A006 /* Globals.swift */,
			);
			path = Utils;
			sourceTree = "<group>";
		};
		01A6F354270577A100E561A0 /* Fonts */ = {
			isa = PBXGroup;
			children = (
				01A6F355270577B500E561A0 /* Proxima Nova Bold.otf */,
				01A6F357270577C600E561A0 /* ProximaNova-Regular.otf */,
				0163293D278501220050A006 /* Varela-Regular.ttf */,
			);
			path = Fonts;
			sourceTree = "<group>";
		};
		01A6F35B27057A6600E561A0 /* Views */ = {
			isa = PBXGroup;
			children = (
				0163293B2784F8F60050A006 /* NavigationBar.swift */,
				0163293F278502A40050A006 /* FeedTableView.swift */,
				01632941278516230050A006 /* FAB.swift */,
			);
			path = Views;
			sourceTree = "<group>";
		};
		01AE71BA26FEA38D006C1EFC = {
			isa = PBXGroup;
			children = (
				01AE71C526FEA38D006C1EFC /* Ranker */,
				01AE71DC26FEA39D006C1EFC /* RankerTests */,
				01AE71E726FEA39D006C1EFC /* RankerUITests */,
				01AE71C426FEA38D006C1EFC /* Products */,
				41EC9E1495D1F75E27CB54DE /* Pods */,
				7F69E3765DCBF3D5F8C5E6E8 /* Frameworks */,
			);
			sourceTree = "<group>";
		};
		01AE71C426FEA38D006C1EFC /* Products */ = {
			isa = PBXGroup;
			children = (
				01AE71C326FEA38D006C1EFC /* Ranker.app */,
				01AE71D926FEA39D006C1EFC /* RankerTests.xctest */,
				01AE71E426FEA39D006C1EFC /* RankerUITests.xctest */,
			);
			name = Products;
			sourceTree = "<group>";
		};
		01AE71C526FEA38D006C1EFC /* Ranker */ = {
			isa = PBXGroup;
			children = (
				01A6F35B27057A6600E561A0 /* Views */,
				01A6F351270575CB00E561A0 /* Utils */,
				0114F5C426FFC94200498F9F /* Model */,
				01AE71F826FEC33E006C1EFC /* Network */,
				01AE71C626FEA38D006C1EFC /* AppDelegate.swift */,
				01AE71C826FEA38D006C1EFC /* SceneDelegate.swift */,
				01AE71CA26FEA38D006C1EFC /* ViewController.swift */,
				01AE71CF26FEA39C006C1EFC /* Assets.xcassets */,
				01AE71D126FEA39C006C1EFC /* LaunchScreen.storyboard */,
				01AE71D426FEA39C006C1EFC /* Info.plist */,
				01AE71F626FEB0CA006C1EFC /* GoogleService-Info.plist */,
			);
			path = Ranker;
			sourceTree = "<group>";
		};
		01AE71DC26FEA39D006C1EFC /* RankerTests */ = {
			isa = PBXGroup;
			children = (
				01AE71DD26FEA39D006C1EFC /* RankerTests.swift */,
				01AE71DF26FEA39D006C1EFC /* Info.plist */,
			);
			path = RankerTests;
			sourceTree = "<group>";
		};
		01AE71E726FEA39D006C1EFC /* RankerUITests */ = {
			isa = PBXGroup;
			children = (
				01AE71E826FEA39D006C1EFC /* RankerUITests.swift */,
				01AE71EA26FEA39D006C1EFC /* Info.plist */,
			);
			path = RankerUITests;
			sourceTree = "<group>";
		};
		01AE71F826FEC33E006C1EFC /* Network */ = {
			isa = PBXGroup;
			children = (
				01AE71F926FEC36B006C1EFC /* FirebaseAccess.swift */,
			);
			path = Network;
			sourceTree = "<group>";
		};
		41EC9E1495D1F75E27CB54DE /* Pods */ = {
			isa = PBXGroup;
			children = (
				39AEA4E33548B09D374732A1 /* Pods-Ranker.debug.xcconfig */,
				B7A90973CF9944AC8ABECA76 /* Pods-Ranker.release.xcconfig */,
				0BC6A3866D9067D01952069A /* Pods-Ranker-RankerUITests.debug.xcconfig */,
				D318ED5B14507D47DD2A32BE /* Pods-Ranker-RankerUITests.release.xcconfig */,
				657A368CEFC3C3616D6BA2CC /* Pods-RankerTests.debug.xcconfig */,
				D149C1902FAA2DCDCDD47572 /* Pods-RankerTests.release.xcconfig */,
			);
			path = Pods;
			sourceTree = "<group>";
		};
		7F69E3765DCBF3D5F8C5E6E8 /* Frameworks */ = {
			isa = PBXGroup;
			children = (
				BED6F6B532A09D2C11559831 /* Pods_Ranker.framework */,
				0DC98ED9F488D7154BD5EB2A /* Pods_Ranker_RankerUITests.framework */,
				EAE6F44786958DD55873C3EC /* Pods_RankerTests.framework */,
			);
			name = Frameworks;
			sourceTree = "<group>";
		};
/* End PBXGroup section */

/* Begin PBXNativeTarget section */
		01AE71C226FEA38D006C1EFC /* Ranker */ = {
			isa = PBXNativeTarget;
			buildConfigurationList = 01AE71ED26FEA39D006C1EFC /* Build configuration list for PBXNativeTarget "Ranker" */;
			buildPhases = (
				12F19A7D58408711DCB4F4D0 /* [CP] Check Pods Manifest.lock */,
				01AE71BF26FEA38D006C1EFC /* Sources */,
				01AE71C026FEA38D006C1EFC /* Frameworks */,
				01AE71C126FEA38D006C1EFC /* Resources */,
				7904C7C23919736F2AACFD0A /* [CP] Embed Pods Frameworks */,
			);
			buildRules = (
			);
			dependencies = (
			);
			name = Ranker;
			productName = Ranker;
			productReference = 01AE71C326FEA38D006C1EFC /* Ranker.app */;
			productType = "com.apple.product-type.application";
		};
		01AE71D826FEA39D006C1EFC /* RankerTests */ = {
			isa = PBXNativeTarget;
			buildConfigurationList = 01AE71F026FEA39D006C1EFC /* Build configuration list for PBXNativeTarget "RankerTests" */;
			buildPhases = (
				EF8D3C44555F1A1FFE89EFDD /* [CP] Check Pods Manifest.lock */,
				01AE71D526FEA39D006C1EFC /* Sources */,
				01AE71D626FEA39D006C1EFC /* Frameworks */,
				01AE71D726FEA39D006C1EFC /* Resources */,
			);
			buildRules = (
			);
			dependencies = (
				01AE71DB26FEA39D006C1EFC /* PBXTargetDependency */,
			);
			name = RankerTests;
			productName = RankerTests;
			productReference = 01AE71D926FEA39D006C1EFC /* RankerTests.xctest */;
			productType = "com.apple.product-type.bundle.unit-test";
		};
		01AE71E326FEA39D006C1EFC /* RankerUITests */ = {
			isa = PBXNativeTarget;
			buildConfigurationList = 01AE71F326FEA39D006C1EFC /* Build configuration list for PBXNativeTarget "RankerUITests" */;
			buildPhases = (
				C0512D4B7B7B52276ECD8239 /* [CP] Check Pods Manifest.lock */,
				01AE71E026FEA39D006C1EFC /* Sources */,
				01AE71E126FEA39D006C1EFC /* Frameworks */,
				01AE71E226FEA39D006C1EFC /* Resources */,
				930751EEF8654259D5542C6E /* [CP] Embed Pods Frameworks */,
			);
			buildRules = (
			);
			dependencies = (
				01AE71E626FEA39D006C1EFC /* PBXTargetDependency */,
			);
			name = RankerUITests;
			productName = RankerUITests;
			productReference = 01AE71E426FEA39D006C1EFC /* RankerUITests.xctest */;
			productType = "com.apple.product-type.bundle.ui-testing";
		};
/* End PBXNativeTarget section */

/* Begin PBXProject section */
		01AE71BB26FEA38D006C1EFC /* Project object */ = {
			isa = PBXProject;
			attributes = {
				LastSwiftUpdateCheck = 1250;
				LastUpgradeCheck = 1250;
				TargetAttributes = {
					01AE71C226FEA38D006C1EFC = {
						CreatedOnToolsVersion = 12.5.1;
					};
					01AE71D826FEA39D006C1EFC = {
						CreatedOnToolsVersion = 12.5.1;
						TestTargetID = 01AE71C226FEA38D006C1EFC;
					};
					01AE71E326FEA39D006C1EFC = {
						CreatedOnToolsVersion = 12.5.1;
						TestTargetID = 01AE71C226FEA38D006C1EFC;
					};
				};
			};
			buildConfigurationList = 01AE71BE26FEA38D006C1EFC /* Build configuration list for PBXProject "Ranker" */;
			compatibilityVersion = "Xcode 9.3";
			developmentRegion = en;
			hasScannedForEncodings = 0;
			knownRegions = (
				en,
				Base,
			);
			mainGroup = 01AE71BA26FEA38D006C1EFC;
			productRefGroup = 01AE71C426FEA38D006C1EFC /* Products */;
			projectDirPath = "";
			projectRoot = "";
			targets = (
				01AE71C226FEA38D006C1EFC /* Ranker */,
				01AE71D826FEA39D006C1EFC /* RankerTests */,
				01AE71E326FEA39D006C1EFC /* RankerUITests */,
			);
		};
/* End PBXProject section */

/* Begin PBXResourcesBuildPhase section */
		01AE71C126FEA38D006C1EFC /* Resources */ = {
			isa = PBXResourcesBuildPhase;
			buildActionMask = 2147483647;
			files = (
				01AE71F726FEB0CA006C1EFC /* GoogleService-Info.plist in Resources */,
				01A6F358270577C600E561A0 /* ProximaNova-Regular.otf in Resources */,
				0163293E278501220050A006 /* Varela-Regular.ttf in Resources */,
				01A6F356270577B500E561A0 /* Proxima Nova Bold.otf in Resources */,
				01AE71D326FEA39C006C1EFC /* LaunchScreen.storyboard in Resources */,
				01AE71D026FEA39C006C1EFC /* Assets.xcassets in Resources */,
			);
			runOnlyForDeploymentPostprocessing = 0;
		};
		01AE71D726FEA39D006C1EFC /* Resources */ = {
			isa = PBXResourcesBuildPhase;
			buildActionMask = 2147483647;
			files = (
			);
			runOnlyForDeploymentPostprocessing = 0;
		};
		01AE71E226FEA39D006C1EFC /* Resources */ = {
			isa = PBXResourcesBuildPhase;
			buildActionMask = 2147483647;
			files = (
			);
			runOnlyForDeploymentPostprocessing = 0;
		};
/* End PBXResourcesBuildPhase section */

/* Begin PBXShellScriptBuildPhase section */
		12F19A7D58408711DCB4F4D0 /* [CP] Check Pods Manifest.lock */ = {
			isa = PBXShellScriptBuildPhase;
			buildActionMask = 2147483647;
			files = (
			);
			inputFileListPaths = (
			);
			inputPaths = (
				"${PODS_PODFILE_DIR_PATH}/Podfile.lock",
				"${PODS_ROOT}/Manifest.lock",
			);
			name = "[CP] Check Pods Manifest.lock";
			outputFileListPaths = (
			);
			outputPaths = (
				"$(DERIVED_FILE_DIR)/Pods-Ranker-checkManifestLockResult.txt",
			);
			runOnlyForDeploymentPostprocessing = 0;
			shellPath = /bin/sh;
			shellScript = "diff \"${PODS_PODFILE_DIR_PATH}/Podfile.lock\" \"${PODS_ROOT}/Manifest.lock\" > /dev/null\nif [ $? != 0 ] ; then\n    # print error to STDERR\n    echo \"error: The sandbox is not in sync with the Podfile.lock. Run 'pod install' or update your CocoaPods installation.\" >&2\n    exit 1\nfi\n# This output is used by Xcode 'outputs' to avoid re-running this script phase.\necho \"SUCCESS\" > \"${SCRIPT_OUTPUT_FILE_0}\"\n";
			showEnvVarsInLog = 0;
		};
		7904C7C23919736F2AACFD0A /* [CP] Embed Pods Frameworks */ = {
			isa = PBXShellScriptBuildPhase;
			buildActionMask = 2147483647;
			files = (
			);
			inputFileListPaths = (
				"${PODS_ROOT}/Target Support Files/Pods-Ranker/Pods-Ranker-frameworks-${CONFIGURATION}-input-files.xcfilelist",
			);
			name = "[CP] Embed Pods Frameworks";
			outputFileListPaths = (
				"${PODS_ROOT}/Target Support Files/Pods-Ranker/Pods-Ranker-frameworks-${CONFIGURATION}-output-files.xcfilelist",
			);
			runOnlyForDeploymentPostprocessing = 0;
			shellPath = /bin/sh;
			shellScript = "\"${PODS_ROOT}/Target Support Files/Pods-Ranker/Pods-Ranker-frameworks.sh\"\n";
			showEnvVarsInLog = 0;
		};
		930751EEF8654259D5542C6E /* [CP] Embed Pods Frameworks */ = {
			isa = PBXShellScriptBuildPhase;
			buildActionMask = 2147483647;
			files = (
			);
			inputFileListPaths = (
				"${PODS_ROOT}/Target Support Files/Pods-Ranker-RankerUITests/Pods-Ranker-RankerUITests-frameworks-${CONFIGURATION}-input-files.xcfilelist",
			);
			name = "[CP] Embed Pods Frameworks";
			outputFileListPaths = (
				"${PODS_ROOT}/Target Support Files/Pods-Ranker-RankerUITests/Pods-Ranker-RankerUITests-frameworks-${CONFIGURATION}-output-files.xcfilelist",
			);
			runOnlyForDeploymentPostprocessing = 0;
			shellPath = /bin/sh;
			shellScript = "\"${PODS_ROOT}/Target Support Files/Pods-Ranker-RankerUITests/Pods-Ranker-RankerUITests-frameworks.sh\"\n";
			showEnvVarsInLog = 0;
		};
		C0512D4B7B7B52276ECD8239 /* [CP] Check Pods Manifest.lock */ = {
			isa = PBXShellScriptBuildPhase;
			buildActionMask = 2147483647;
			files = (
			);
			inputFileListPaths = (
			);
			inputPaths = (
				"${PODS_PODFILE_DIR_PATH}/Podfile.lock",
				"${PODS_ROOT}/Manifest.lock",
			);
			name = "[CP] Check Pods Manifest.lock";
			outputFileListPaths = (
			);
			outputPaths = (
				"$(DERIVED_FILE_DIR)/Pods-Ranker-RankerUITests-checkManifestLockResult.txt",
			);
			runOnlyForDeploymentPostprocessing = 0;
			shellPath = /bin/sh;
			shellScript = "diff \"${PODS_PODFILE_DIR_PATH}/Podfile.lock\" \"${PODS_ROOT}/Manifest.lock\" > /dev/null\nif [ $? != 0 ] ; then\n    # print error to STDERR\n    echo \"error: The sandbox is not in sync with the Podfile.lock. Run 'pod install' or update your CocoaPods installation.\" >&2\n    exit 1\nfi\n# This output is used by Xcode 'outputs' to avoid re-running this script phase.\necho \"SUCCESS\" > \"${SCRIPT_OUTPUT_FILE_0}\"\n";
			showEnvVarsInLog = 0;
		};
		EF8D3C44555F1A1FFE89EFDD /* [CP] Check Pods Manifest.lock */ = {
			isa = PBXShellScriptBuildPhase;
			buildActionMask = 2147483647;
			files = (
			);
			inputFileListPaths = (
			);
			inputPaths = (
				"${PODS_PODFILE_DIR_PATH}/Podfile.lock",
				"${PODS_ROOT}/Manifest.lock",
			);
			name = "[CP] Check Pods Manifest.lock";
			outputFileListPaths = (
			);
			outputPaths = (
				"$(DERIVED_FILE_DIR)/Pods-RankerTests-checkManifestLockResult.txt",
			);
			runOnlyForDeploymentPostprocessing = 0;
			shellPath = /bin/sh;
			shellScript = "diff \"${PODS_PODFILE_DIR_PATH}/Podfile.lock\" \"${PODS_ROOT}/Manifest.lock\" > /dev/null\nif [ $? != 0 ] ; then\n    # print error to STDERR\n    echo \"error: The sandbox is not in sync with the Podfile.lock. Run 'pod install' or update your CocoaPods installation.\" >&2\n    exit 1\nfi\n# This output is used by Xcode 'outputs' to avoid re-running this script phase.\necho \"SUCCESS\" > \"${SCRIPT_OUTPUT_FILE_0}\"\n";
			showEnvVarsInLog = 0;
		};
/* End PBXShellScriptBuildPhase section */

/* Begin PBXSourcesBuildPhase section */
		01AE71BF26FEA38D006C1EFC /* Sources */ = {
			isa = PBXSourcesBuildPhase;
			buildActionMask = 2147483647;
			files = (
				01C63A642783B9120037A9AE /* Poll.swift in Sources */,
				01AE71CB26FEA38D006C1EFC /* ViewController.swift in Sources */,
				01A6F353270575E000E561A0 /* Colors.swift in Sources */,
				01AE71C726FEA38D006C1EFC /* AppDelegate.swift in Sources */,
				01C63A662783BC2C0037A9AE /* PollChoice.swift in Sources */,
				015309382703B6DE00D10B7B /* Protocols.swift in Sources */,
				01AE71FA26FEC36B006C1EFC /* FirebaseAccess.swift in Sources */,
				0153093C2703C08800D10B7B /* Vote.swift in Sources */,
				0163294427851D010050A006 /* Globals.swift in Sources */,
				01AE71C926FEA38D006C1EFC /* SceneDelegate.swift in Sources */,
				01A6F35A2705780A00E561A0 /* Fonts.swift in Sources */,
				01632940278502A40050A006 /* FeedTableView.swift in Sources */,
				0114F5C826FFD7D000498F9F /* Utils.swift in Sources */,
				0163293C2784F8F60050A006 /* NavigationBar.swift in Sources */,
				01632942278516230050A006 /* FAB.swift in Sources */,
			);
			runOnlyForDeploymentPostprocessing = 0;
		};
		01AE71D526FEA39D006C1EFC /* Sources */ = {
			isa = PBXSourcesBuildPhase;
			buildActionMask = 2147483647;
			files = (
				01AE71DE26FEA39D006C1EFC /* RankerTests.swift in Sources */,
			);
			runOnlyForDeploymentPostprocessing = 0;
		};
		01AE71E026FEA39D006C1EFC /* Sources */ = {
			isa = PBXSourcesBuildPhase;
			buildActionMask = 2147483647;
			files = (
				01AE71E926FEA39D006C1EFC /* RankerUITests.swift in Sources */,
			);
			runOnlyForDeploymentPostprocessing = 0;
		};
/* End PBXSourcesBuildPhase section */

/* Begin PBXTargetDependency section */
		01AE71DB26FEA39D006C1EFC /* PBXTargetDependency */ = {
			isa = PBXTargetDependency;
			target = 01AE71C226FEA38D006C1EFC /* Ranker */;
			targetProxy = 01AE71DA26FEA39D006C1EFC /* PBXContainerItemProxy */;
		};
		01AE71E626FEA39D006C1EFC /* PBXTargetDependency */ = {
			isa = PBXTargetDependency;
			target = 01AE71C226FEA38D006C1EFC /* Ranker */;
			targetProxy = 01AE71E526FEA39D006C1EFC /* PBXContainerItemProxy */;
		};
/* End PBXTargetDependency section */

/* Begin PBXVariantGroup section */
		01AE71D126FEA39C006C1EFC /* LaunchScreen.storyboard */ = {
			isa = PBXVariantGroup;
			children = (
				01AE71D226FEA39C006C1EFC /* Base */,
			);
			name = LaunchScreen.storyboard;
			sourceTree = "<group>";
		};
/* End PBXVariantGroup section */

/* Begin XCBuildConfiguration section */
		01AE71EB26FEA39D006C1EFC /* Debug */ = {
			isa = XCBuildConfiguration;
			buildSettings = {
				ALWAYS_SEARCH_USER_PATHS = NO;
				CLANG_ANALYZER_NONNULL = YES;
				CLANG_ANALYZER_NUMBER_OBJECT_CONVERSION = YES_AGGRESSIVE;
				CLANG_CXX_LANGUAGE_STANDARD = "gnu++14";
				CLANG_CXX_LIBRARY = "libc++";
				CLANG_ENABLE_MODULES = YES;
				CLANG_ENABLE_OBJC_ARC = YES;
				CLANG_ENABLE_OBJC_WEAK = YES;
				CLANG_WARN_BLOCK_CAPTURE_AUTORELEASING = YES;
				CLANG_WARN_BOOL_CONVERSION = YES;
				CLANG_WARN_COMMA = YES;
				CLANG_WARN_CONSTANT_CONVERSION = YES;
				CLANG_WARN_DEPRECATED_OBJC_IMPLEMENTATIONS = YES;
				CLANG_WARN_DIRECT_OBJC_ISA_USAGE = YES_ERROR;
				CLANG_WARN_DOCUMENTATION_COMMENTS = YES;
				CLANG_WARN_EMPTY_BODY = YES;
				CLANG_WARN_ENUM_CONVERSION = YES;
				CLANG_WARN_INFINITE_RECURSION = YES;
				CLANG_WARN_INT_CONVERSION = YES;
				CLANG_WARN_NON_LITERAL_NULL_CONVERSION = YES;
				CLANG_WARN_OBJC_IMPLICIT_RETAIN_SELF = YES;
				CLANG_WARN_OBJC_LITERAL_CONVERSION = YES;
				CLANG_WARN_OBJC_ROOT_CLASS = YES_ERROR;
				CLANG_WARN_QUOTED_INCLUDE_IN_FRAMEWORK_HEADER = YES;
				CLANG_WARN_RANGE_LOOP_ANALYSIS = YES;
				CLANG_WARN_STRICT_PROTOTYPES = YES;
				CLANG_WARN_SUSPICIOUS_MOVE = YES;
				CLANG_WARN_UNGUARDED_AVAILABILITY = YES_AGGRESSIVE;
				CLANG_WARN_UNREACHABLE_CODE = YES;
				CLANG_WARN__DUPLICATE_METHOD_MATCH = YES;
				COPY_PHASE_STRIP = NO;
				DEBUG_INFORMATION_FORMAT = dwarf;
				ENABLE_STRICT_OBJC_MSGSEND = YES;
				ENABLE_TESTABILITY = YES;
				GCC_C_LANGUAGE_STANDARD = gnu11;
				GCC_DYNAMIC_NO_PIC = NO;
				GCC_NO_COMMON_BLOCKS = YES;
				GCC_OPTIMIZATION_LEVEL = 0;
				GCC_PREPROCESSOR_DEFINITIONS = (
					"DEBUG=1",
					"$(inherited)",
				);
				GCC_WARN_64_TO_32_BIT_CONVERSION = YES;
				GCC_WARN_ABOUT_RETURN_TYPE = YES_ERROR;
				GCC_WARN_UNDECLARED_SELECTOR = YES;
				GCC_WARN_UNINITIALIZED_AUTOS = YES_AGGRESSIVE;
				GCC_WARN_UNUSED_FUNCTION = YES;
				GCC_WARN_UNUSED_VARIABLE = YES;
				IPHONEOS_DEPLOYMENT_TARGET = 14.5;
				MTL_ENABLE_DEBUG_INFO = INCLUDE_SOURCE;
				MTL_FAST_MATH = YES;
				ONLY_ACTIVE_ARCH = YES;
				SDKROOT = iphoneos;
				SWIFT_ACTIVE_COMPILATION_CONDITIONS = DEBUG;
				SWIFT_OPTIMIZATION_LEVEL = "-Onone";
			};
			name = Debug;
		};
		01AE71EC26FEA39D006C1EFC /* Release */ = {
			isa = XCBuildConfiguration;
			buildSettings = {
				ALWAYS_SEARCH_USER_PATHS = NO;
				CLANG_ANALYZER_NONNULL = YES;
				CLANG_ANALYZER_NUMBER_OBJECT_CONVERSION = YES_AGGRESSIVE;
				CLANG_CXX_LANGUAGE_STANDARD = "gnu++14";
				CLANG_CXX_LIBRARY = "libc++";
				CLANG_ENABLE_MODULES = YES;
				CLANG_ENABLE_OBJC_ARC = YES;
				CLANG_ENABLE_OBJC_WEAK = YES;
				CLANG_WARN_BLOCK_CAPTURE_AUTORELEASING = YES;
				CLANG_WARN_BOOL_CONVERSION = YES;
				CLANG_WARN_COMMA = YES;
				CLANG_WARN_CONSTANT_CONVERSION = YES;
				CLANG_WARN_DEPRECATED_OBJC_IMPLEMENTATIONS = YES;
				CLANG_WARN_DIRECT_OBJC_ISA_USAGE = YES_ERROR;
				CLANG_WARN_DOCUMENTATION_COMMENTS = YES;
				CLANG_WARN_EMPTY_BODY = YES;
				CLANG_WARN_ENUM_CONVERSION = YES;
				CLANG_WARN_INFINITE_RECURSION = YES;
				CLANG_WARN_INT_CONVERSION = YES;
				CLANG_WARN_NON_LITERAL_NULL_CONVERSION = YES;
				CLANG_WARN_OBJC_IMPLICIT_RETAIN_SELF = YES;
				CLANG_WARN_OBJC_LITERAL_CONVERSION = YES;
				CLANG_WARN_OBJC_ROOT_CLASS = YES_ERROR;
				CLANG_WARN_QUOTED_INCLUDE_IN_FRAMEWORK_HEADER = YES;
				CLANG_WARN_RANGE_LOOP_ANALYSIS = YES;
				CLANG_WARN_STRICT_PROTOTYPES = YES;
				CLANG_WARN_SUSPICIOUS_MOVE = YES;
				CLANG_WARN_UNGUARDED_AVAILABILITY = YES_AGGRESSIVE;
				CLANG_WARN_UNREACHABLE_CODE = YES;
				CLANG_WARN__DUPLICATE_METHOD_MATCH = YES;
				COPY_PHASE_STRIP = NO;
				DEBUG_INFORMATION_FORMAT = "dwarf-with-dsym";
				ENABLE_NS_ASSERTIONS = NO;
				ENABLE_STRICT_OBJC_MSGSEND = YES;
				GCC_C_LANGUAGE_STANDARD = gnu11;
				GCC_NO_COMMON_BLOCKS = YES;
				GCC_WARN_64_TO_32_BIT_CONVERSION = YES;
				GCC_WARN_ABOUT_RETURN_TYPE = YES_ERROR;
				GCC_WARN_UNDECLARED_SELECTOR = YES;
				GCC_WARN_UNINITIALIZED_AUTOS = YES_AGGRESSIVE;
				GCC_WARN_UNUSED_FUNCTION = YES;
				GCC_WARN_UNUSED_VARIABLE = YES;
				IPHONEOS_DEPLOYMENT_TARGET = 14.5;
				MTL_ENABLE_DEBUG_INFO = NO;
				MTL_FAST_MATH = YES;
				SDKROOT = iphoneos;
				SWIFT_COMPILATION_MODE = wholemodule;
				SWIFT_OPTIMIZATION_LEVEL = "-O";
				VALIDATE_PRODUCT = YES;
			};
			name = Release;
		};
		01AE71EE26FEA39D006C1EFC /* Debug */ = {
			isa = XCBuildConfiguration;
			baseConfigurationReference = 39AEA4E33548B09D374732A1 /* Pods-Ranker.debug.xcconfig */;
			buildSettings = {
				ASSETCATALOG_COMPILER_APPICON_NAME = AppIcon;
				ASSETCATALOG_COMPILER_GLOBAL_ACCENT_COLOR_NAME = AccentColor;
				CODE_SIGN_STYLE = Automatic;
				DEVELOPMENT_TEAM = PM79C3BXFD;
				INFOPLIST_FILE = Ranker/Info.plist;
				LD_RUNPATH_SEARCH_PATHS = (
					"$(inherited)",
					"@executable_path/Frameworks",
				);
				PRODUCT_BUNDLE_IDENTIFIER = com.shyamkumar.Ranker;
				PRODUCT_NAME = "$(TARGET_NAME)";
				SWIFT_VERSION = 5.0;
				TARGETED_DEVICE_FAMILY = "1,2";
			};
			name = Debug;
		};
		01AE71EF26FEA39D006C1EFC /* Release */ = {
			isa = XCBuildConfiguration;
			baseConfigurationReference = B7A90973CF9944AC8ABECA76 /* Pods-Ranker.release.xcconfig */;
			buildSettings = {
				ASSETCATALOG_COMPILER_APPICON_NAME = AppIcon;
				ASSETCATALOG_COMPILER_GLOBAL_ACCENT_COLOR_NAME = AccentColor;
				CODE_SIGN_STYLE = Automatic;
				DEVELOPMENT_TEAM = PM79C3BXFD;
				INFOPLIST_FILE = Ranker/Info.plist;
				LD_RUNPATH_SEARCH_PATHS = (
					"$(inherited)",
					"@executable_path/Frameworks",
				);
				PRODUCT_BUNDLE_IDENTIFIER = com.shyamkumar.Ranker;
				PRODUCT_NAME = "$(TARGET_NAME)";
				SWIFT_VERSION = 5.0;
				TARGETED_DEVICE_FAMILY = "1,2";
			};
			name = Release;
		};
		01AE71F126FEA39D006C1EFC /* Debug */ = {
			isa = XCBuildConfiguration;
			baseConfigurationReference = 657A368CEFC3C3616D6BA2CC /* Pods-RankerTests.debug.xcconfig */;
			buildSettings = {
				ALWAYS_EMBED_SWIFT_STANDARD_LIBRARIES = YES;
				BUNDLE_LOADER = "$(TEST_HOST)";
				CODE_SIGN_STYLE = Automatic;
				DEVELOPMENT_TEAM = PM79C3BXFD;
				INFOPLIST_FILE = RankerTests/Info.plist;
				IPHONEOS_DEPLOYMENT_TARGET = 14.5;
				LD_RUNPATH_SEARCH_PATHS = (
					"$(inherited)",
					"@executable_path/Frameworks",
					"@loader_path/Frameworks",
				);
				PRODUCT_BUNDLE_IDENTIFIER = com.shyamkumar.RankerTests;
				PRODUCT_NAME = "$(TARGET_NAME)";
				SWIFT_VERSION = 5.0;
				TARGETED_DEVICE_FAMILY = "1,2";
				TEST_HOST = "$(BUILT_PRODUCTS_DIR)/Ranker.app/Ranker";
			};
			name = Debug;
		};
		01AE71F226FEA39D006C1EFC /* Release */ = {
			isa = XCBuildConfiguration;
			baseConfigurationReference = D149C1902FAA2DCDCDD47572 /* Pods-RankerTests.release.xcconfig */;
			buildSettings = {
				ALWAYS_EMBED_SWIFT_STANDARD_LIBRARIES = YES;
				BUNDLE_LOADER = "$(TEST_HOST)";
				CODE_SIGN_STYLE = Automatic;
				DEVELOPMENT_TEAM = PM79C3BXFD;
				INFOPLIST_FILE = RankerTests/Info.plist;
				IPHONEOS_DEPLOYMENT_TARGET = 14.5;
				LD_RUNPATH_SEARCH_PATHS = (
					"$(inherited)",
					"@executable_path/Frameworks",
					"@loader_path/Frameworks",
				);
				PRODUCT_BUNDLE_IDENTIFIER = com.shyamkumar.RankerTests;
				PRODUCT_NAME = "$(TARGET_NAME)";
				SWIFT_VERSION = 5.0;
				TARGETED_DEVICE_FAMILY = "1,2";
				TEST_HOST = "$(BUILT_PRODUCTS_DIR)/Ranker.app/Ranker";
			};
			name = Release;
		};
		01AE71F426FEA39D006C1EFC /* Debug */ = {
			isa = XCBuildConfiguration;
			baseConfigurationReference = 0BC6A3866D9067D01952069A /* Pods-Ranker-RankerUITests.debug.xcconfig */;
			buildSettings = {
				ALWAYS_EMBED_SWIFT_STANDARD_LIBRARIES = YES;
				CODE_SIGN_STYLE = Automatic;
				DEVELOPMENT_TEAM = PM79C3BXFD;
				INFOPLIST_FILE = RankerUITests/Info.plist;
				LD_RUNPATH_SEARCH_PATHS = (
					"$(inherited)",
					"@executable_path/Frameworks",
					"@loader_path/Frameworks",
				);
				PRODUCT_BUNDLE_IDENTIFIER = com.shyamkumar.RankerUITests;
				PRODUCT_NAME = "$(TARGET_NAME)";
				SWIFT_VERSION = 5.0;
				TARGETED_DEVICE_FAMILY = "1,2";
				TEST_TARGET_NAME = Ranker;
			};
			name = Debug;
		};
		01AE71F526FEA39D006C1EFC /* Release */ = {
			isa = XCBuildConfiguration;
			baseConfigurationReference = D318ED5B14507D47DD2A32BE /* Pods-Ranker-RankerUITests.release.xcconfig */;
			buildSettings = {
				ALWAYS_EMBED_SWIFT_STANDARD_LIBRARIES = YES;
				CODE_SIGN_STYLE = Automatic;
				DEVELOPMENT_TEAM = PM79C3BXFD;
				INFOPLIST_FILE = RankerUITests/Info.plist;
				LD_RUNPATH_SEARCH_PATHS = (
					"$(inherited)",
					"@executable_path/Frameworks",
					"@loader_path/Frameworks",
				);
				PRODUCT_BUNDLE_IDENTIFIER = com.shyamkumar.RankerUITests;
				PRODUCT_NAME = "$(TARGET_NAME)";
				SWIFT_VERSION = 5.0;
				TARGETED_DEVICE_FAMILY = "1,2";
				TEST_TARGET_NAME = Ranker;
			};
			name = Release;
		};
/* End XCBuildConfiguration section */

/* Begin XCConfigurationList section */
		01AE71BE26FEA38D006C1EFC /* Build configuration list for PBXProject "Ranker" */ = {
			isa = XCConfigurationList;
			buildConfigurations = (
				01AE71EB26FEA39D006C1EFC /* Debug */,
				01AE71EC26FEA39D006C1EFC /* Release */,
			);
			defaultConfigurationIsVisible = 0;
			defaultConfigurationName = Release;
		};
		01AE71ED26FEA39D006C1EFC /* Build configuration list for PBXNativeTarget "Ranker" */ = {
			isa = XCConfigurationList;
			buildConfigurations = (
				01AE71EE26FEA39D006C1EFC /* Debug */,
				01AE71EF26FEA39D006C1EFC /* Release */,
			);
			defaultConfigurationIsVisible = 0;
			defaultConfigurationName = Release;
		};
		01AE71F026FEA39D006C1EFC /* Build configuration list for PBXNativeTarget "RankerTests" */ = {
			isa = XCConfigurationList;
			buildConfigurations = (
				01AE71F126FEA39D006C1EFC /* Debug */,
				01AE71F226FEA39D006C1EFC /* Release */,
			);
			defaultConfigurationIsVisible = 0;
			defaultConfigurationName = Release;
		};
		01AE71F326FEA39D006C1EFC /* Build configuration list for PBXNativeTarget "RankerUITests" */ = {
			isa = XCConfigurationList;
			buildConfigurations = (
				01AE71F426FEA39D006C1EFC /* Debug */,
				01AE71F526FEA39D006C1EFC /* Release */,
			);
			defaultConfigurationIsVisible = 0;
			defaultConfigurationName = Release;
		};
/* End XCConfigurationList section */
	};
	rootObject = 01AE71BB26FEA38D006C1EFC /* Project object */;
}
